// !$*UTF8*$!
{
	archiveVersion = 1;
	classes = {
	};
	objectVersion = 46;
	objects = {

/* Begin PBXBuildFile section */
		D2ED16551A5A1318004D5883 /* main.m in Sources */ = {isa = PBXBuildFile; fileRef = D2ED16541A5A1318004D5883 /* main.m */; };
		D2ED16581A5A1318004D5883 /* AppDelegate.m in Sources */ = {isa = PBXBuildFile; fileRef = D2ED16571A5A1318004D5883 /* AppDelegate.m */; };
		D2ED165B1A5A1318004D5883 /* FirstViewController.m in Sources */ = {isa = PBXBuildFile; fileRef = D2ED165A1A5A1318004D5883 /* FirstViewController.m */; };
		D2ED165E1A5A1318004D5883 /* SecondViewController.m in Sources */ = {isa = PBXBuildFile; fileRef = D2ED165D1A5A1318004D5883 /* SecondViewController.m */; };
		D2ED16611A5A1318004D5883 /* Main.storyboard in Resources */ = {isa = PBXBuildFile; fileRef = D2ED165F1A5A1318004D5883 /* Main.storyboard */; };
		D2ED16631A5A1318004D5883 /* Images.xcassets in Resources */ = {isa = PBXBuildFile; fileRef = D2ED16621A5A1318004D5883 /* Images.xcassets */; };
		D2ED16661A5A1318004D5883 /* LaunchScreen.xib in Resources */ = {isa = PBXBuildFile; fileRef = D2ED16641A5A1318004D5883 /* LaunchScreen.xib */; };
		D2ED16721A5A1318004D5883 /* PromAppTests.m in Sources */ = {isa = PBXBuildFile; fileRef = D2ED16711A5A1318004D5883 /* PromAppTests.m */; };
/* End PBXBuildFile section */

/* Begin PBXContainerItemProxy section */
		D2ED166C1A5A1318004D5883 /* PBXContainerItemProxy */ = {
			isa = PBXContainerItemProxy;
			containerPortal = D2ED16471A5A1318004D5883 /* Project object */;
			proxyType = 1;
			remoteGlobalIDString = D2ED164E1A5A1318004D5883;
			remoteInfo = PromApp;
		};
/* End PBXContainerItemProxy section */

/* Begin PBXFileReference section */
		D2ED164F1A5A1318004D5883 /* PromApp.app */ = {isa = PBXFileReference; explicitFileType = wrapper.application; includeInIndex = 0; path = PromApp.app; sourceTree = BUILT_PRODUCTS_DIR; };
		D2ED16531A5A1318004D5883 /* Info.plist */ = {isa = PBXFileReference; lastKnownFileType = text.plist.xml; path = Info.plist; sourceTree = "<group>"; };
		D2ED16541A5A1318004D5883 /* main.m */ = {isa = PBXFileReference; lastKnownFileType = sourcecode.c.objc; path = main.m; sourceTree = "<group>"; };
		D2ED16561A5A1318004D5883 /* AppDelegate.h */ = {isa = PBXFileReference; lastKnownFileType = sourcecode.c.h; path = AppDelegate.h; sourceTree = "<group>"; };
		D2ED16571A5A1318004D5883 /* AppDelegate.m */ = {isa = PBXFileReference; lastKnownFileType = sourcecode.c.objc; path = AppDelegate.m; sourceTree = "<group>"; };
		D2ED16591A5A1318004D5883 /* FirstViewController.h */ = {isa = PBXFileReference; lastKnownFileType = sourcecode.c.h; path = FirstViewController.h; sourceTree = "<group>"; };
		D2ED165A1A5A1318004D5883 /* FirstViewController.m */ = {isa = PBXFileReference; lastKnownFileType = sourcecode.c.objc; path = FirstViewController.m; sourceTree = "<group>"; };
		D2ED165C1A5A1318004D5883 /* SecondViewController.h */ = {isa = PBXFileReference; lastKnownFileType = sourcecode.c.h; path = SecondViewController.h; sourceTree = "<group>"; };
		D2ED165D1A5A1318004D5883 /* SecondViewController.m */ = {isa = PBXFileReference; lastKnownFileType = sourcecode.c.objc; path = SecondViewController.m; sourceTree = "<group>"; };
		D2ED16601A5A1318004D5883 /* Base */ = {isa = PBXFileReference; lastKnownFileType = file.storyboard; name = Base; path = Base.lproj/Main.storyboard; sourceTree = "<group>"; };
		D2ED16621A5A1318004D5883 /* Images.xcassets */ = {isa = PBXFileReference; lastKnownFileType = folder.assetcatalog; path = Images.xcassets; sourceTree = "<group>"; };
		D2ED16651A5A1318004D5883 /* Base */ = {isa = PBXFileReference; lastKnownFileType = file.xib; name = Base; path = Base.lproj/LaunchScreen.xib; sourceTree = "<group>"; };
		D2ED166B1A5A1318004D5883 /* PromAppTests.xctest */ = {isa = PBXFileReference; explicitFileType = wrapper.cfbundle; includeInIndex = 0; path = PromAppTests.xctest; sourceTree = BUILT_PRODUCTS_DIR; };
		D2ED16701A5A1318004D5883 /* Info.plist */ = {isa = PBXFileReference; lastKnownFileType = text.plist.xml; path = Info.plist; sourceTree = "<group>"; };
		D2ED16711A5A1318004D5883 /* PromAppTests.m */ = {isa = PBXFileReference; lastKnownFileType = sourcecode.c.objc; path = PromAppTests.m; sourceTree = "<group>"; };
/* End PBXFileReference section */

/* Begin PBXFrameworksBuildPhase section */
		D2ED164C1A5A1318004D5883 /* Frameworks */ = {
			isa = PBXFrameworksBuildPhase;
			buildActionMask = 2147483647;
			files = (
			);
			runOnlyForDeploymentPostprocessing = 0;
		};
		D2ED16681A5A1318004D5883 /* Frameworks */ = {
			isa = PBXFrameworksBuildPhase;
			buildActionMask = 2147483647;
			files = (
			);
			runOnlyForDeploymentPostprocessing = 0;
		};
/* End PBXFrameworksBuildPhase section */

/* Begin PBXGroup section */
		D2ED16461A5A1318004D5883 = {
			isa = PBXGroup;
			children = (
				D2ED16511A5A1318004D5883 /* PromApp */,
				D2ED166E1A5A1318004D5883 /* PromAppTests */,
				D2ED16501A5A1318004D5883 /* Products */,
			);
			sourceTree = "<group>";
		};
		D2ED16501A5A1318004D5883 /* Products */ = {
			isa = PBXGroup;
			children = (
				D2ED164F1A5A1318004D5883 /* PromApp.app */,
				D2ED166B1A5A1318004D5883 /* PromAppTests.xctest */,
			);
			name = Products;
			sourceTree = "<group>";
		};
		D2ED16511A5A1318004D5883 /* PromApp */ = {
			isa = PBXGroup;
			children = (
				D2ED16561A5A1318004D5883 /* AppDelegate.h */,
				D2ED16571A5A1318004D5883 /* AppDelegate.m */,
				D2ED16591A5A1318004D5883 /* FirstViewController.h */,
				D2ED165A1A5A1318004D5883 /* FirstViewController.m */,
				D2ED165C1A5A1318004D5883 /* SecondViewController.h */,
				D2ED165D1A5A1318004D5883 /* SecondViewController.m */,
				D2ED165F1A5A1318004D5883 /* Main.storyboard */,
				D2ED16621A5A1318004D5883 /* Images.xcassets */,
				D2ED16641A5A1318004D5883 /* LaunchScreen.xib */,
				D2ED16521A5A1318004D5883 /* Supporting Files */,
			);
			path = PromApp;
			sourceTree = "<group>";
		};
		D2ED16521A5A1318004D5883 /* Supporting Files */ = {
			isa = PBXGroup;
			children = (
				D2ED16531A5A1318004D5883 /* Info.plist */,
				D2ED16541A5A1318004D5883 /* main.m */,
			);
			name = "Supporting Files";
			sourceTree = "<group>";
		};
		D2ED166E1A5A1318004D5883 /* PromAppTests */ = {
			isa = PBXGroup;
			children = (
				D2ED16711A5A1318004D5883 /* PromAppTests.m */,
				D2ED166F1A5A1318004D5883 /* Supporting Files */,
			);
			path = PromAppTests;
			sourceTree = "<group>";
		};
		D2ED166F1A5A1318004D5883 /* Supporting Files */ = {
			isa = PBXGroup;
			children = (
				D2ED16701A5A1318004D5883 /* Info.plist */,
			);
			name = "Supporting Files";
			sourceTree = "<group>";
		};
/* End PBXGroup section */

/* Begin PBXNativeTarget section */
		D2ED164E1A5A1318004D5883 /* PromApp */ = {
			isa = PBXNativeTarget;
			buildConfigurationList = D2ED16751A5A1318004D5883 /* Build configuration list for PBXNativeTarget "PromApp" */;
			buildPhases = (
				D2ED164B1A5A1318004D5883 /* Sources */,
				D2ED164C1A5A1318004D5883 /* Frameworks */,
				D2ED164D1A5A1318004D5883 /* Resources */,
			);
			buildRules = (
			);
			dependencies = (
			);
			name = PromApp;
			productName = PromApp;
			productReference = D2ED164F1A5A1318004D5883 /* PromApp.app */;
			productType = "com.apple.product-type.application";
		};
		D2ED166A1A5A1318004D5883 /* PromAppTests */ = {
			isa = PBXNativeTarget;
			buildConfigurationList = D2ED16781A5A1318004D5883 /* Build configuration list for PBXNativeTarget "PromAppTests" */;
			buildPhases = (
				D2ED16671A5A1318004D5883 /* Sources */,
				D2ED16681A5A1318004D5883 /* Frameworks */,
				D2ED16691A5A1318004D5883 /* Resources */,
			);
			buildRules = (
			);
			dependencies = (
				D2ED166D1A5A1318004D5883 /* PBXTargetDependency */,
			);
			name = PromAppTests;
			productName = PromAppTests;
			productReference = D2ED166B1A5A1318004D5883 /* PromAppTests.xctest */;
			productType = "com.apple.product-type.bundle.unit-test";
		};
/* End PBXNativeTarget section */

/* Begin PBXProject section */
		D2ED16471A5A1318004D5883 /* Project object */ = {
			isa = PBXProject;
			attributes = {
				LastUpgradeCheck = 0610;
				ORGANIZATIONNAME = "Scott Krulcik";
				TargetAttributes = {
					D2ED164E1A5A1318004D5883 = {
						CreatedOnToolsVersion = 6.1.1;
					};
					D2ED166A1A5A1318004D5883 = {
						CreatedOnToolsVersion = 6.1.1;
						TestTargetID = D2ED164E1A5A1318004D5883;
					};
				};
			};
			buildConfigurationList = D2ED164A1A5A1318004D5883 /* Build configuration list for PBXProject "PromApp" */;
			compatibilityVersion = "Xcode 3.2";
			developmentRegion = English;
			hasScannedForEncodings = 0;
			knownRegions = (
				en,
				Base,
			);
			mainGroup = D2ED16461A5A1318004D5883;
			productRefGroup = D2ED16501A5A1318004D5883 /* Products */;
			projectDirPath = "";
			projectRoot = "";
			targets = (
				D2ED164E1A5A1318004D5883 /* PromApp */,
				D2ED166A1A5A1318004D5883 /* PromAppTests */,
			);
		};
/* End PBXProject section */

/* Begin PBXResourcesBuildPhase section */
		D2ED164D1A5A1318004D5883 /* Resources */ = {
			isa = PBXResourcesBuildPhase;
			buildActionMask = 2147483647;
			files = (
				D2ED16611A5A1318004D5883 /* Main.storyboard in Resources */,
				D2ED16661A5A1318004D5883 /* LaunchScreen.xib in Resources */,
				D2ED16631A5A1318004D5883 /* Images.xcassets in Resources */,
			);
			runOnlyForDeploymentPostprocessing = 0;
		};
		D2ED16691A5A1318004D5883 /* Resources */ = {
			isa = PBXResourcesBuildPhase;
			buildActionMask = 2147483647;
			files = (
			);
			runOnlyForDeploymentPostprocessing = 0;
		};
/* End PBXResourcesBuildPhase section */

/* Begin PBXSourcesBuildPhase section */
		D2ED164B1A5A1318004D5883 /* Sources */ = {
			isa = PBXSourcesBuildPhase;
			buildActionMask = 2147483647;
			files = (
				D2ED165E1A5A1318004D5883 /* SecondViewController.m in Sources */,
				D2ED16581A5A1318004D5883 /* AppDelegate.m in Sources */,
				D2ED165B1A5A1318004D5883 /* FirstViewController.m in Sources */,
				D2ED16551A5A1318004D5883 /* main.m in Sources */,
			);
			runOnlyForDeploymentPostprocessing = 0;
		};
		D2ED16671A5A1318004D5883 /* Sources */ = {
			isa = PBXSourcesBuildPhase;
			buildActionMask = 2147483647;
			files = (
				D2ED16721A5A1318004D5883 /* PromAppTests.m in Sources */,
			);
			runOnlyForDeploymentPostprocessing = 0;
		};
/* End PBXSourcesBuildPhase section */

/* Begin PBXTargetDependency section */
		D2ED166D1A5A1318004D5883 /* PBXTargetDependency */ = {
			isa = PBXTargetDependency;
			target = D2ED164E1A5A1318004D5883 /* PromApp */;
			targetProxy = D2ED166C1A5A1318004D5883 /* PBXContainerItemProxy */;
		};
/* End PBXTargetDependency section */

/* Begin PBXVariantGroup section */
		D2ED165F1A5A1318004D5883 /* Main.storyboard */ = {
			isa = PBXVariantGroup;
			children = (
				D2ED16601A5A1318004D5883 /* Base */,
			);
			name = Main.storyboard;
			sourceTree = "<group>";
		};
		D2ED16641A5A1318004D5883 /* LaunchScreen.xib */ = {
			isa = PBXVariantGroup;
			children = (
				D2ED16651A5A1318004D5883 /* Base */,
			);
			name = LaunchScreen.xib;
			sourceTree = "<group>";
		};
/* End PBXVariantGroup section */

/* Begin XCBuildConfiguration section */
		D2ED16731A5A1318004D5883 /* Debug */ = {
			isa = XCBuildConfiguration;
			buildSettings = {
				ALWAYS_SEARCH_USER_PATHS = NO;
				CLANG_CXX_LANGUAGE_STANDARD = "gnu++0x";
				CLANG_CXX_LIBRARY = "libc++";
				CLANG_ENABLE_MODULES = YES;
				CLANG_ENABLE_OBJC_ARC = YES;
				CLANG_WARN_BOOL_CONVERSION = YES;
				CLANG_WARN_CONSTANT_CONVERSION = YES;
				CLANG_WARN_DIRECT_OBJC_ISA_USAGE = YES_ERROR;
				CLANG_WARN_EMPTY_BODY = YES;
				CLANG_WARN_ENUM_CONVERSION = YES;
				CLANG_WARN_INT_CONVERSION = YES;
				CLANG_WARN_OBJC_ROOT_CLASS = YES_ERROR;
				CLANG_WARN_UNREACHABLE_CODE = YES;
				CLANG_WARN__DUPLICATE_METHOD_MATCH = YES;
				"CODE_SIGN_IDENTITY[sdk=iphoneos*]" = "iPhone Developer";
				COPY_PHASE_STRIP = NO;
				ENABLE_STRICT_OBJC_MSGSEND = YES;
				GCC_C_LANGUAGE_STANDARD = gnu99;
				GCC_DYNAMIC_NO_PIC = NO;
				GCC_OPTIMIZATION_LEVEL = 0;
				GCC_PREPROCESSOR_DEFINITIONS = (
					"DEBUG=1",
					"$(inherited)",
				);
				GCC_SYMBOLS_PRIVATE_EXTERN = NO;
				GCC_WARN_64_TO_32_BIT_CONVERSION = YES;
				GCC_WARN_ABOUT_RETURN_TYPE = YES_ERROR;
				GCC_WARN_UNDECLARED_SELECTOR = YES;
				GCC_WARN_UNINITIALIZED_AUTOS = YES_AGGRESSIVE;
				GCC_WARN_UNUSED_FUNCTION = YES;
				GCC_WARN_UNUSED_VARIABLE = YES;
				IPHONEOS_DEPLOYMENT_TARGET = 8.1;
				MTL_ENABLE_DEBUG_INFO = YES;
				ONLY_ACTIVE_ARCH = YES;
				SDKROOT = iphoneos;
			};
			name = Debug;
		};
		D2ED16741A5A1318004D5883 /* Release */ = {
			isa = XCBuildConfiguration;
			buildSettings = {
				ALWAYS_SEARCH_USER_PATHS = NO;
				CLANG_CXX_LANGUAGE_STANDARD = "gnu++0x";
				CLANG_CXX_LIBRARY = "libc++";
				CLANG_ENABLE_MODULES = YES;
				CLANG_ENABLE_OBJC_ARC = YES;
				CLANG_WARN_BOOL_CONVERSION = YES;
				CLANG_WARN_CONSTANT_CONVERSION = YES;
				CLANG_WARN_DIRECT_OBJC_ISA_USAGE = YES_ERROR;
				CLANG_WARN_EMPTY_BODY = YES;
				CLANG_WARN_ENUM_CONVERSION = YES;
				CLANG_WARN_INT_CONVERSION = YES;
				CLANG_WARN_OBJC_ROOT_CLASS = YES_ERROR;
				CLANG_WARN_UNREACHABLE_CODE = YES;
				CLANG_WARN__DUPLICATE_METHOD_MATCH = YES;
				"CODE_SIGN_IDENTITY[sdk=iphoneos*]" = "iPhone Developer";
				COPY_PHASE_STRIP = YES;
				ENABLE_NS_ASSERTIONS = NO;
				ENABLE_STRICT_OBJC_MSGSEND = YES;
				GCC_C_LANGUAGE_STANDARD = gnu99;
				GCC_WARN_64_TO_32_BIT_CONVERSION = YES;
				GCC_WARN_ABOUT_RETURN_TYPE = YES_ERROR;
				GCC_WARN_UNDECLARED_SELECTOR = YES;
				GCC_WARN_UNINITIALIZED_AUTOS = YES_AGGRESSIVE;
				GCC_WARN_UNUSED_FUNCTION = YES;
				GCC_WARN_UNUSED_VARIABLE = YES;
				IPHONEOS_DEPLOYMENT_TARGET = 8.1;
				MTL_ENABLE_DEBUG_INFO = NO;
				SDKROOT = iphoneos;
				VALIDATE_PRODUCT = YES;
			};
			name = Release;
		};
		D2ED16761A5A1318004D5883 /* Debug */ = {
			isa = XCBuildConfiguration;
			buildSettings = {
				ASSETCATALOG_COMPILER_APPICON_NAME = AppIcon;
				INFOPLIST_FILE = PromApp/Info.plist;
				LD_RUNPATH_SEARCH_PATHS = "$(inherited) @executable_path/Frameworks";
				PRODUCT_NAME = "$(TARGET_NAME)";
			};
			name = Debug;
		};
		D2ED16771A5A1318004D5883 /* Release */ = {
			isa = XCBuildConfiguration;
			buildSettings = {
				ASSETCATALOG_COMPILER_APPICON_NAME = AppIcon;
				INFOPLIST_FILE = PromApp/Info.plist;
				LD_RUNPATH_SEARCH_PATHS = "$(inherited) @executable_path/Frameworks";
				PRODUCT_NAME = "$(TARGET_NAME)";
			};
			name = Release;
		};
		D2ED16791A5A1318004D5883 /* Debug */ = {
			isa = XCBuildConfiguration;
			buildSettings = {
				BUNDLE_LOADER = "$(TEST_HOST)";
				FRAMEWORK_SEARCH_PATHS = (
					"$(SDKROOT)/Developer/Library/Frameworks",
					"$(inherited)",
				);
				GCC_PREPROCESSOR_DEFINITIONS = (
					"DEBUG=1",
					"$(inherited)",
				);
				INFOPLIST_FILE = PromAppTests/Info.plist;
				LD_RUNPATH_SEARCH_PATHS = "$(inherited) @executable_path/Frameworks @loader_path/Frameworks";
				PRODUCT_NAME = "$(TARGET_NAME)";
				TEST_HOST = "$(BUILT_PRODUCTS_DIR)/PromApp.app/PromApp";
			};
			name = Debug;
		};
		D2ED167A1A5A1318004D5883 /* Release */ = {
			isa = XCBuildConfiguration;
			buildSettings = {
				BUNDLE_LOADER = "$(TEST_HOST)";
				FRAMEWORK_SEARCH_PATHS = (
					"$(SDKROOT)/Developer/Library/Frameworks",
					"$(inherited)",
				);
				INFOPLIST_FILE = PromAppTests/Info.plist;
				LD_RUNPATH_SEARCH_PATHS = "$(inherited) @executable_path/Frameworks @loader_path/Frameworks";
				PRODUCT_NAME = "$(TARGET_NAME)";
				TEST_HOST = "$(BUILT_PRODUCTS_DIR)/PromApp.app/PromApp";
			};
			name = Release;
		};
/* End XCBuildConfiguration section */

/* Begin XCConfigurationList section */
		D2ED164A1A5A1318004D5883 /* Build configuration list for PBXProject "PromApp" */ = {
			isa = XCConfigurationList;
			buildConfigurations = (
				D2ED16731A5A1318004D5883 /* Debug */,
				D2ED16741A5A1318004D5883 /* Release */,
			);
			defaultConfigurationIsVisible = 0;
			defaultConfigurationName = Release;
		};
		D2ED16751A5A1318004D5883 /* Build configuration list for PBXNativeTarget "PromApp" */ = {
			isa = XCConfigurationList;
			buildConfigurations = (
				D2ED16761A5A1318004D5883 /* Debug */,
				D2ED16771A5A1318004D5883 /* Release */,
			);
			defaultConfigurationIsVisible = 0;
		};
		D2ED16781A5A1318004D5883 /* Build configuration list for PBXNativeTarget "PromAppTests" */ = {
			isa = XCConfigurationList;
			buildConfigurations = (
				D2ED16791A5A1318004D5883 /* Debug */,
				D2ED167A1A5A1318004D5883 /* Release */,
			);
			defaultConfigurationIsVisible = 0;
		};
/* End XCConfigurationList section */
	};
	rootObject = D2ED16471A5A1318004D5883 /* Project object */;
}
