// !$*UTF8*$!
{
	archiveVersion = 1;
	classes = {
	};
	objectVersion = 46;
	objects = {

/* Begin PBXBuildFile section */
		D2074E3E198F3B5E0048E28E /* EditDress.xib in Resources */ = {isa = PBXBuildFile; fileRef = D2074E3D198F3B5E0048E28E /* EditDress.xib */; };
		D20DA6AF198B311200C1B225 /* ColorText.plist in Resources */ = {isa = PBXBuildFile; fileRef = D20DA6AE198B311200C1B225 /* ColorText.plist */; };
		D20DA6B1198B537300C1B225 /* EditUser.xib in Resources */ = {isa = PBXBuildFile; fileRef = D20DA6B0198B537300C1B225 /* EditUser.xib */; };
		D2103456196F9EF70088484B /* DressCell.xib in Resources */ = {isa = PBXBuildFile; fileRef = D2103455196F9EF70088484B /* DressCell.xib */; };
		D2117951198EE1F0004D254F /* ImageEditorCell.xib in Resources */ = {isa = PBXBuildFile; fileRef = D2117950198EE1F0004D254F /* ImageEditorCell.xib */; };
		D2117954198F0888004D254F /* SKImageEditorCell.m in Sources */ = {isa = PBXBuildFile; fileRef = D2117953198F0888004D254F /* SKImageEditorCell.m */; };
		D212423F1A641843006A9867 /* profile.html in Resources */ = {isa = PBXBuildFile; fileRef = D212423D1A641843006A9867 /* profile.html */; };
		D21242401A641843006A9867 /* signin.html in Resources */ = {isa = PBXBuildFile; fileRef = D212423E1A641843006A9867 /* signin.html */; };
		D22299371965054000B747BA /* SKDressInfoTableViewCell.m in Sources */ = {isa = PBXBuildFile; fileRef = D22299361965054000B747BA /* SKDressInfoTableViewCell.m */; };
		D22B2B771A4295DC0085F54E /* Bolts.framework in Frameworks */ = {isa = PBXBuildFile; fileRef = D22B2B6D1A42950B0085F54E /* Bolts.framework */; };
		D22B2B781A4295DC0085F54E /* Parse.framework in Frameworks */ = {isa = PBXBuildFile; fileRef = D22B2B6E1A42950B0085F54E /* Parse.framework */; };
		D22B2B791A4295DC0085F54E /* ParseCrashReporting.framework in Frameworks */ = {isa = PBXBuildFile; fileRef = D22B2B6F1A42950B0085F54E /* ParseCrashReporting.framework */; };
		D22B2B7A1A4295DC0085F54E /* ParseFacebookUtils.framework in Frameworks */ = {isa = PBXBuildFile; fileRef = D22B2B701A42950B0085F54E /* ParseFacebookUtils.framework */; };
		D22B2B7B1A4295DC0085F54E /* ParseUI.framework in Frameworks */ = {isa = PBXBuildFile; fileRef = D22B2B711A42950B0085F54E /* ParseUI.framework */; };
		D22B2B7D1A4296180085F54E /* libsqlite3.dylib in Frameworks */ = {isa = PBXBuildFile; fileRef = D22B2B7C1A4296180085F54E /* libsqlite3.dylib */; };
		D22B2B7F1A4297950085F54E /* FacebookSDK.framework in Frameworks */ = {isa = PBXBuildFile; fileRef = D22B2B7E1A4297950085F54E /* FacebookSDK.framework */; };
		D22B2B811A42B0AE0085F54E /* GlobalConstants.swift in Sources */ = {isa = PBXBuildFile; fileRef = D22B2B801A42B0AE0085F54E /* GlobalConstants.swift */; };
		D22E03CC1A4DFF2600F81753 /* ImageManipulation.swift in Sources */ = {isa = PBXBuildFile; fileRef = D22E03CB1A4DFF2600F81753 /* ImageManipulation.swift */; };
		D22E03CF1A4E862600F81753 /* StringManipulation.swift in Sources */ = {isa = PBXBuildFile; fileRef = D22E03CE1A4E862600F81753 /* StringManipulation.swift */; };
		D23654F919916BF3007277A6 /* PromQueryTable.xib in Resources */ = {isa = PBXBuildFile; fileRef = D23654F819916BF3007277A6 /* PromQueryTable.xib */; };
		D23654FC19916DFF007277A6 /* SKPromQueryController.m in Sources */ = {isa = PBXBuildFile; fileRef = D23654FB19916DFF007277A6 /* SKPromQueryController.m */; };
		D246C39C1A50CA080046D95A /* UserExt.swift in Sources */ = {isa = PBXBuildFile; fileRef = D246C39B1A50CA080046D95A /* UserExt.swift */; };
		D246C39E1A51B5A30046D95A /* DressListForProm.swift in Sources */ = {isa = PBXBuildFile; fileRef = D246C39D1A51B5A30046D95A /* DressListForProm.swift */; };
		D246C3A31A51E0EB0046D95A /* css in Resources */ = {isa = PBXBuildFile; fileRef = D246C39F1A51E0EB0046D95A /* css */; };
		D246C3A41A51E0EB0046D95A /* images in Resources */ = {isa = PBXBuildFile; fileRef = D246C3A01A51E0EB0046D95A /* images */; };
		D246C3A51A51E0EB0046D95A /* index.html in Resources */ = {isa = PBXBuildFile; fileRef = D246C3A11A51E0EB0046D95A /* index.html */; };
		D246C3A61A51E0EB0046D95A /* js in Resources */ = {isa = PBXBuildFile; fileRef = D246C3A21A51E0EB0046D95A /* js */; };
		D246C3AA1A51E60B0046D95A /* support.html in Resources */ = {isa = PBXBuildFile; fileRef = D246C3A91A51E60B0046D95A /* support.html */; };
		D246C3AE1A5216CA0046D95A /* privacy.html in Resources */ = {isa = PBXBuildFile; fileRef = D246C3AD1A5216CA0046D95A /* privacy.html */; };
		D246C3B21A5217320046D95A /* PolicyPDF.pdf in Resources */ = {isa = PBXBuildFile; fileRef = D246C3B11A5217320046D95A /* PolicyPDF.pdf */; };
		D25A4C461A5234C700AED4AD /* TableHeader.xib in Resources */ = {isa = PBXBuildFile; fileRef = D25A4C451A5234C700AED4AD /* TableHeader.xib */; };
		D25A4C481A52355600AED4AD /* TableHeader.swift in Sources */ = {isa = PBXBuildFile; fileRef = D25A4C471A52355600AED4AD /* TableHeader.swift */; };
		D25B4D751A490DAF00AB6B06 /* Buttons.swift in Sources */ = {isa = PBXBuildFile; fileRef = D25B4D741A490DAF00AB6B06 /* Buttons.swift */; };
		D2652159198E86E3000432BA /* StringEntryCell.xib in Resources */ = {isa = PBXBuildFile; fileRef = D2652158198E86E3000432BA /* StringEntryCell.xib */; };
		D266D1631A47287B00A3C51C /* rochester in Resources */ = {isa = PBXBuildFile; fileRef = D266D1611A47287B00A3C51C /* rochester */; };
		D28DD0031A4F141C00B73582 /* StandardAlerts.swift in Sources */ = {isa = PBXBuildFile; fileRef = D28DD0021A4F141C00B73582 /* StandardAlerts.swift */; };
		D28DD0051A4F5BAE00B73582 /* PromSearchTable.swift in Sources */ = {isa = PBXBuildFile; fileRef = D28DD0041A4F5BAE00B73582 /* PromSearchTable.swift */; };
		D29FA1981A4B16890046A5BD /* PromEditorController.swift in Sources */ = {isa = PBXBuildFile; fileRef = D29FA1971A4B16890046A5BD /* PromEditorController.swift */; };
		D2A382971A4279C300D3E3B7 /* ProfileController.swift in Sources */ = {isa = PBXBuildFile; fileRef = D2A382961A4279C300D3E3B7 /* ProfileController.swift */; };
		D2A4751E1962198D005C2502 /* Foundation.framework in Frameworks */ = {isa = PBXBuildFile; fileRef = D2A4751D1962198D005C2502 /* Foundation.framework */; };
		D2A475201962198D005C2502 /* CoreGraphics.framework in Frameworks */ = {isa = PBXBuildFile; fileRef = D2A4751F1962198D005C2502 /* CoreGraphics.framework */; };
		D2A475221962198D005C2502 /* UIKit.framework in Frameworks */ = {isa = PBXBuildFile; fileRef = D2A475211962198D005C2502 /* UIKit.framework */; };
		D2A475281962198D005C2502 /* InfoPlist.strings in Resources */ = {isa = PBXBuildFile; fileRef = D2A475261962198D005C2502 /* InfoPlist.strings */; };
		D2A4752A1962198D005C2502 /* main.m in Sources */ = {isa = PBXBuildFile; fileRef = D2A475291962198D005C2502 /* main.m */; };
		D2A4752E1962198D005C2502 /* SKAppDelegate.m in Sources */ = {isa = PBXBuildFile; fileRef = D2A4752D1962198D005C2502 /* SKAppDelegate.m */; };
		D2A475301962198D005C2502 /* Images.xcassets in Resources */ = {isa = PBXBuildFile; fileRef = D2A4752F1962198D005C2502 /* Images.xcassets */; };
		D2A475381962198D005C2502 /* Foundation.framework in Frameworks */ = {isa = PBXBuildFile; fileRef = D2A4751D1962198D005C2502 /* Foundation.framework */; };
		D2A475391962198D005C2502 /* UIKit.framework in Frameworks */ = {isa = PBXBuildFile; fileRef = D2A475211962198D005C2502 /* UIKit.framework */; };
		D2A475411962198D005C2502 /* InfoPlist.strings in Resources */ = {isa = PBXBuildFile; fileRef = D2A4753F1962198D005C2502 /* InfoPlist.strings */; };
		D2A475431962198D005C2502 /* PromAppTests.m in Sources */ = {isa = PBXBuildFile; fileRef = D2A475421962198D005C2502 /* PromAppTests.m */; };
		D2A4754D196219BF005C2502 /* MapKit.framework in Frameworks */ = {isa = PBXBuildFile; fileRef = D2A4754C196219BF005C2502 /* MapKit.framework */; };
		D2A4754F19624264005C2502 /* IpodLayout.storyboard in Resources */ = {isa = PBXBuildFile; fileRef = D2A4754E19624264005C2502 /* IpodLayout.storyboard */; };
		D2A4755F196249BA005C2502 /* Accounts.framework in Frameworks */ = {isa = PBXBuildFile; fileRef = D2A47554196249BA005C2502 /* Accounts.framework */; };
		D2A47560196249BA005C2502 /* AudioToolbox.framework in Frameworks */ = {isa = PBXBuildFile; fileRef = D2A47555196249BA005C2502 /* AudioToolbox.framework */; };
		D2A47561196249BA005C2502 /* CFNetwork.framework in Frameworks */ = {isa = PBXBuildFile; fileRef = D2A47556196249BA005C2502 /* CFNetwork.framework */; };
		D2A47562196249BA005C2502 /* CoreLocation.framework in Frameworks */ = {isa = PBXBuildFile; fileRef = D2A47557196249BA005C2502 /* CoreLocation.framework */; };
		D2A47563196249BA005C2502 /* libz.dylib in Frameworks */ = {isa = PBXBuildFile; fileRef = D2A47558196249BA005C2502 /* libz.dylib */; };
		D2A47564196249BA005C2502 /* MobileCoreServices.framework in Frameworks */ = {isa = PBXBuildFile; fileRef = D2A47559196249BA005C2502 /* MobileCoreServices.framework */; };
		D2A47565196249BA005C2502 /* QuartzCore.framework in Frameworks */ = {isa = PBXBuildFile; fileRef = D2A4755A196249BA005C2502 /* QuartzCore.framework */; };
		D2A47566196249BA005C2502 /* Security.framework in Frameworks */ = {isa = PBXBuildFile; fileRef = D2A4755B196249BA005C2502 /* Security.framework */; };
		D2A47567196249BA005C2502 /* Social.framework in Frameworks */ = {isa = PBXBuildFile; fileRef = D2A4755C196249BA005C2502 /* Social.framework */; };
		D2A47568196249BA005C2502 /* StoreKit.framework in Frameworks */ = {isa = PBXBuildFile; fileRef = D2A4755D196249BA005C2502 /* StoreKit.framework */; };
		D2A47569196249BA005C2502 /* SystemConfiguration.framework in Frameworks */ = {isa = PBXBuildFile; fileRef = D2A4755E196249BA005C2502 /* SystemConfiguration.framework */; };
		D2A4756E196262F4005C2502 /* SKLoginViewController.m in Sources */ = {isa = PBXBuildFile; fileRef = D2A4756D196262F4005C2502 /* SKLoginViewController.m */; };
		D2A475741963105B005C2502 /* SKAddDressViewController.m in Sources */ = {isa = PBXBuildFile; fileRef = D2A475731963105B005C2502 /* SKAddDressViewController.m */; };
		D2A4757A19632DB8005C2502 /* SKDress.m in Sources */ = {isa = PBXBuildFile; fileRef = D2A4757919632DB8005C2502 /* SKDress.m */; };
		D2A4757D19633462005C2502 /* MBProgressHUD.m in Sources */ = {isa = PBXBuildFile; fileRef = D2A4757C19633462005C2502 /* MBProgressHUD.m */; };
		D2A475821963999E005C2502 /* SKPromFinderViewController.m in Sources */ = {isa = PBXBuildFile; fileRef = D2A475811963999E005C2502 /* SKPromFinderViewController.m */; };
		D2AC23241A4A257900E5EA19 /* MainTabController.swift in Sources */ = {isa = PBXBuildFile; fileRef = D2AC23231A4A257900E5EA19 /* MainTabController.swift */; };
		D2BB590C198C9D8700431759 /* SKStore.m in Sources */ = {isa = PBXBuildFile; fileRef = D2BB590B198C9D8700431759 /* SKStore.m */; };
		D2BB590F198CA89600431759 /* EditStore.xib in Resources */ = {isa = PBXBuildFile; fileRef = D2BB590E198CA89600431759 /* EditStore.xib */; };
		D2BB5914198D655400431759 /* SKStringEntryCell.m in Sources */ = {isa = PBXBuildFile; fileRef = D2BB5913198D655400431759 /* SKStringEntryCell.m */; };
		D2C2473D19F2CDA5007F2AF9 /* EditProm.xib in Resources */ = {isa = PBXBuildFile; fileRef = D2C2473C19F2CDA5007F2AF9 /* EditProm.xib */; };
		D2C6D15C1980600E008080CD /* SKPromAnnotation.m in Sources */ = {isa = PBXBuildFile; fileRef = D2C6D15B1980600E008080CD /* SKPromAnnotation.m */; };
		D2C890DE19D6308400458094 /* ProfileCell.swift in Sources */ = {isa = PBXBuildFile; fileRef = D2C890DD19D6308400458094 /* ProfileCell.swift */; };
		D2C890E119D68E7C00458094 /* ProfileCellLayout.xib in Resources */ = {isa = PBXBuildFile; fileRef = D2C890E019D68E7C00458094 /* ProfileCellLayout.xib */; };
		D2CD3E631A4FB9F100BF0359 /* Prom.swift in Sources */ = {isa = PBXBuildFile; fileRef = D2CD3E621A4FB9F100BF0359 /* Prom.swift */; };
		D2CD3E651A4FBB6700BF0359 /* ArrayUtil.swift in Sources */ = {isa = PBXBuildFile; fileRef = D2CD3E641A4FBB6700BF0359 /* ArrayUtil.swift */; };
		D2CD3E671A4FCDE200BF0359 /* Appearance.swift in Sources */ = {isa = PBXBuildFile; fileRef = D2CD3E661A4FCDE200BF0359 /* Appearance.swift */; };
		D2CD3E691A5062BA00BF0359 /* PromInfoController.swift in Sources */ = {isa = PBXBuildFile; fileRef = D2CD3E681A5062BA00BF0359 /* PromInfoController.swift */; };
		D2CD3E6D1A50A93600BF0359 /* ObjectCell.swift in Sources */ = {isa = PBXBuildFile; fileRef = D2CD3E6C1A50A93600BF0359 /* ObjectCell.swift */; };
		D2CD3E6F1A50A9D500BF0359 /* ObjectCell.xib in Resources */ = {isa = PBXBuildFile; fileRef = D2CD3E6E1A50A9D500BF0359 /* ObjectCell.xib */; };
		D2D4F0321A6B668B0020DD9A /* NearYouController.swift in Sources */ = {isa = PBXBuildFile; fileRef = D2D4F0311A6B668B0020DD9A /* NearYouController.swift */; };
		D2DEBAA719B6D58E00BA0542 /* global.json in Resources */ = {isa = PBXBuildFile; fileRef = D2DEBAA319B6D58E00BA0542 /* global.json */; };
		D2ED80FB1A2A7EB9002F4511 /* StoreAnnotation.swift in Sources */ = {isa = PBXBuildFile; fileRef = D2ED80FA1A2A7EB9002F4511 /* StoreAnnotation.swift */; };
		D2EF94051A17D8F00093CD4C /* SignPainter.otf in Resources */ = {isa = PBXBuildFile; fileRef = D2EF94041A17D8F00093CD4C /* SignPainter.otf */; };
		D2F1440E1970D24400046490 /* SKProm.m in Sources */ = {isa = PBXBuildFile; fileRef = D2F1440D1970D24400046490 /* SKProm.m */; };
		D2F639AF1A17E5FC0026A3D8 /* pinyon-script.ttf in Resources */ = {isa = PBXBuildFile; fileRef = D2F639AE1A17E5FC0026A3D8 /* pinyon-script.ttf */; };
		D2F639B11A17ECA50026A3D8 /* LaunchScreen.xib in Resources */ = {isa = PBXBuildFile; fileRef = D2F639B01A17ECA50026A3D8 /* LaunchScreen.xib */; };
		D2F846EA1A6CA9E1007CD841 /* DynamicResultController.swift in Sources */ = {isa = PBXBuildFile; fileRef = D2F846E91A6CA9E1007CD841 /* DynamicResultController.swift */; };
		D2FB986A196CFAE1003BFCEE /* SKAppearanceManager.m in Sources */ = {isa = PBXBuildFile; fileRef = D2FB9869196CFAE1003BFCEE /* SKAppearanceManager.m */; };
/* End PBXBuildFile section */

/* Begin PBXContainerItemProxy section */
		D2A4753A1962198D005C2502 /* PBXContainerItemProxy */ = {
			isa = PBXContainerItemProxy;
			containerPortal = D2A475121962198D005C2502 /* Project object */;
			proxyType = 1;
			remoteGlobalIDString = D2A475191962198D005C2502;
			remoteInfo = PromApp;
		};
/* End PBXContainerItemProxy section */

/* Begin PBXFileReference section */
		D2074E3D198F3B5E0048E28E /* EditDress.xib */ = {isa = PBXFileReference; fileEncoding = 4; lastKnownFileType = file.xib; path = EditDress.xib; sourceTree = "<group>"; };
		D20DA6AE198B311200C1B225 /* ColorText.plist */ = {isa = PBXFileReference; fileEncoding = 4; lastKnownFileType = text.plist.xml; path = ColorText.plist; sourceTree = "<group>"; };
		D20DA6B0198B537300C1B225 /* EditUser.xib */ = {isa = PBXFileReference; fileEncoding = 4; lastKnownFileType = file.xib; path = EditUser.xib; sourceTree = "<group>"; };
		D2103455196F9EF70088484B /* DressCell.xib */ = {isa = PBXFileReference; fileEncoding = 4; lastKnownFileType = file.xib; path = DressCell.xib; sourceTree = "<group>"; };
		D2117950198EE1F0004D254F /* ImageEditorCell.xib */ = {isa = PBXFileReference; fileEncoding = 4; lastKnownFileType = file.xib; path = ImageEditorCell.xib; sourceTree = "<group>"; };
		D2117952198F0888004D254F /* SKImageEditorCell.h */ = {isa = PBXFileReference; fileEncoding = 4; lastKnownFileType = sourcecode.c.h; path = SKImageEditorCell.h; sourceTree = "<group>"; };
		D2117953198F0888004D254F /* SKImageEditorCell.m */ = {isa = PBXFileReference; fileEncoding = 4; lastKnownFileType = sourcecode.c.objc; path = SKImageEditorCell.m; sourceTree = "<group>"; };
		D212423D1A641843006A9867 /* profile.html */ = {isa = PBXFileReference; fileEncoding = 4; lastKnownFileType = text.html; path = profile.html; sourceTree = "<group>"; };
		D212423E1A641843006A9867 /* signin.html */ = {isa = PBXFileReference; fileEncoding = 4; lastKnownFileType = text.html; path = signin.html; sourceTree = "<group>"; };
		D22299351965054000B747BA /* SKDressInfoTableViewCell.h */ = {isa = PBXFileReference; fileEncoding = 4; lastKnownFileType = sourcecode.c.h; path = SKDressInfoTableViewCell.h; sourceTree = "<group>"; };
		D22299361965054000B747BA /* SKDressInfoTableViewCell.m */ = {isa = PBXFileReference; fileEncoding = 4; lastKnownFileType = sourcecode.c.objc; path = SKDressInfoTableViewCell.m; sourceTree = "<group>"; };
		D22B2B6D1A42950B0085F54E /* Bolts.framework */ = {isa = PBXFileReference; lastKnownFileType = wrapper.framework; path = Bolts.framework; sourceTree = "<group>"; };
		D22B2B6E1A42950B0085F54E /* Parse.framework */ = {isa = PBXFileReference; lastKnownFileType = wrapper.framework; path = Parse.framework; sourceTree = "<group>"; };
		D22B2B6F1A42950B0085F54E /* ParseCrashReporting.framework */ = {isa = PBXFileReference; lastKnownFileType = wrapper.framework; path = ParseCrashReporting.framework; sourceTree = "<group>"; };
		D22B2B701A42950B0085F54E /* ParseFacebookUtils.framework */ = {isa = PBXFileReference; lastKnownFileType = wrapper.framework; path = ParseFacebookUtils.framework; sourceTree = "<group>"; };
		D22B2B711A42950B0085F54E /* ParseUI.framework */ = {isa = PBXFileReference; lastKnownFileType = wrapper.framework; path = ParseUI.framework; sourceTree = "<group>"; };
		D22B2B7C1A4296180085F54E /* libsqlite3.dylib */ = {isa = PBXFileReference; lastKnownFileType = "compiled.mach-o.dylib"; name = libsqlite3.dylib; path = usr/lib/libsqlite3.dylib; sourceTree = SDKROOT; };
		D22B2B7E1A4297950085F54E /* FacebookSDK.framework */ = {isa = PBXFileReference; lastKnownFileType = wrapper.framework; path = FacebookSDK.framework; sourceTree = "<group>"; };
		D22B2B801A42B0AE0085F54E /* GlobalConstants.swift */ = {isa = PBXFileReference; fileEncoding = 4; lastKnownFileType = sourcecode.swift; path = GlobalConstants.swift; sourceTree = "<group>"; };
		D22E03CB1A4DFF2600F81753 /* ImageManipulation.swift */ = {isa = PBXFileReference; fileEncoding = 4; lastKnownFileType = sourcecode.swift; path = ImageManipulation.swift; sourceTree = "<group>"; };
		D22E03CE1A4E862600F81753 /* StringManipulation.swift */ = {isa = PBXFileReference; fileEncoding = 4; lastKnownFileType = sourcecode.swift; path = StringManipulation.swift; sourceTree = "<group>"; };
		D23654F819916BF3007277A6 /* PromQueryTable.xib */ = {isa = PBXFileReference; fileEncoding = 4; lastKnownFileType = file.xib; path = PromQueryTable.xib; sourceTree = "<group>"; };
		D23654FA19916DFF007277A6 /* SKPromQueryController.h */ = {isa = PBXFileReference; fileEncoding = 4; lastKnownFileType = sourcecode.c.h; path = SKPromQueryController.h; sourceTree = "<group>"; };
		D23654FB19916DFF007277A6 /* SKPromQueryController.m */ = {isa = PBXFileReference; fileEncoding = 4; lastKnownFileType = sourcecode.c.objc; path = SKPromQueryController.m; sourceTree = "<group>"; };
		D246C39B1A50CA080046D95A /* UserExt.swift */ = {isa = PBXFileReference; fileEncoding = 4; lastKnownFileType = sourcecode.swift; path = UserExt.swift; sourceTree = "<group>"; };
		D246C39D1A51B5A30046D95A /* DressListForProm.swift */ = {isa = PBXFileReference; fileEncoding = 4; lastKnownFileType = sourcecode.swift; path = DressListForProm.swift; sourceTree = "<group>"; };
		D246C39F1A51E0EB0046D95A /* css */ = {isa = PBXFileReference; lastKnownFileType = folder; path = css; sourceTree = "<group>"; };
		D246C3A01A51E0EB0046D95A /* images */ = {isa = PBXFileReference; lastKnownFileType = folder; path = images; sourceTree = "<group>"; };
		D246C3A11A51E0EB0046D95A /* index.html */ = {isa = PBXFileReference; fileEncoding = 4; lastKnownFileType = text.html; path = index.html; sourceTree = "<group>"; };
		D246C3A21A51E0EB0046D95A /* js */ = {isa = PBXFileReference; lastKnownFileType = folder; path = js; sourceTree = "<group>"; };
		D246C3A91A51E60B0046D95A /* support.html */ = {isa = PBXFileReference; fileEncoding = 4; lastKnownFileType = text.html; path = support.html; sourceTree = "<group>"; };
		D246C3AD1A5216CA0046D95A /* privacy.html */ = {isa = PBXFileReference; fileEncoding = 4; lastKnownFileType = text.html; path = privacy.html; sourceTree = "<group>"; };
		D246C3B11A5217320046D95A /* PolicyPDF.pdf */ = {isa = PBXFileReference; lastKnownFileType = image.pdf; path = PolicyPDF.pdf; sourceTree = "<group>"; };
		D25A4C451A5234C700AED4AD /* TableHeader.xib */ = {isa = PBXFileReference; fileEncoding = 4; lastKnownFileType = file.xib; path = TableHeader.xib; sourceTree = "<group>"; };
		D25A4C471A52355600AED4AD /* TableHeader.swift */ = {isa = PBXFileReference; fileEncoding = 4; lastKnownFileType = sourcecode.swift; path = TableHeader.swift; sourceTree = "<group>"; };
		D25B4D741A490DAF00AB6B06 /* Buttons.swift */ = {isa = PBXFileReference; fileEncoding = 4; lastKnownFileType = sourcecode.swift; path = Buttons.swift; sourceTree = "<group>"; };
		D2652158198E86E3000432BA /* StringEntryCell.xib */ = {isa = PBXFileReference; fileEncoding = 4; lastKnownFileType = file.xib; path = StringEntryCell.xib; sourceTree = "<group>"; };
		D266D1611A47287B00A3C51C /* rochester */ = {isa = PBXFileReference; lastKnownFileType = folder; path = rochester; sourceTree = "<group>"; };
		D28DD0021A4F141C00B73582 /* StandardAlerts.swift */ = {isa = PBXFileReference; fileEncoding = 4; lastKnownFileType = sourcecode.swift; lineEnding = 0; path = StandardAlerts.swift; sourceTree = "<group>"; xcLanguageSpecificationIdentifier = xcode.lang.swift; };
		D28DD0041A4F5BAE00B73582 /* PromSearchTable.swift */ = {isa = PBXFileReference; fileEncoding = 4; lastKnownFileType = sourcecode.swift; path = PromSearchTable.swift; sourceTree = "<group>"; };
		D29FA1971A4B16890046A5BD /* PromEditorController.swift */ = {isa = PBXFileReference; fileEncoding = 4; lastKnownFileType = sourcecode.swift; lineEnding = 0; path = PromEditorController.swift; sourceTree = "<group>"; xcLanguageSpecificationIdentifier = xcode.lang.swift; };
		D2A382961A4279C300D3E3B7 /* ProfileController.swift */ = {isa = PBXFileReference; fileEncoding = 4; lastKnownFileType = sourcecode.swift; path = ProfileController.swift; sourceTree = "<group>"; };
		D2A4751A1962198D005C2502 /* PromApp.app */ = {isa = PBXFileReference; explicitFileType = wrapper.application; includeInIndex = 0; path = PromApp.app; sourceTree = BUILT_PRODUCTS_DIR; };
		D2A4751D1962198D005C2502 /* Foundation.framework */ = {isa = PBXFileReference; lastKnownFileType = wrapper.framework; name = Foundation.framework; path = System/Library/Frameworks/Foundation.framework; sourceTree = SDKROOT; };
		D2A4751F1962198D005C2502 /* CoreGraphics.framework */ = {isa = PBXFileReference; lastKnownFileType = wrapper.framework; name = CoreGraphics.framework; path = System/Library/Frameworks/CoreGraphics.framework; sourceTree = SDKROOT; };
		D2A475211962198D005C2502 /* UIKit.framework */ = {isa = PBXFileReference; lastKnownFileType = wrapper.framework; name = UIKit.framework; path = System/Library/Frameworks/UIKit.framework; sourceTree = SDKROOT; };
		D2A475251962198D005C2502 /* PromApp-Info.plist */ = {isa = PBXFileReference; lastKnownFileType = text.plist.xml; path = "PromApp-Info.plist"; sourceTree = "<group>"; };
		D2A475271962198D005C2502 /* en */ = {isa = PBXFileReference; lastKnownFileType = text.plist.strings; name = en; path = en.lproj/InfoPlist.strings; sourceTree = "<group>"; };
		D2A475291962198D005C2502 /* main.m */ = {isa = PBXFileReference; lastKnownFileType = sourcecode.c.objc; path = main.m; sourceTree = "<group>"; };
		D2A4752B1962198D005C2502 /* PromApp-Prefix.pch */ = {isa = PBXFileReference; lastKnownFileType = sourcecode.c.h; path = "PromApp-Prefix.pch"; sourceTree = "<group>"; };
		D2A4752C1962198D005C2502 /* SKAppDelegate.h */ = {isa = PBXFileReference; lastKnownFileType = sourcecode.c.h; path = SKAppDelegate.h; sourceTree = "<group>"; };
		D2A4752D1962198D005C2502 /* SKAppDelegate.m */ = {isa = PBXFileReference; lastKnownFileType = sourcecode.c.objc; path = SKAppDelegate.m; sourceTree = "<group>"; };
		D2A4752F1962198D005C2502 /* Images.xcassets */ = {isa = PBXFileReference; lastKnownFileType = folder.assetcatalog; path = Images.xcassets; sourceTree = "<group>"; };
		D2A475351962198D005C2502 /* PromAppTests.xctest */ = {isa = PBXFileReference; explicitFileType = wrapper.cfbundle; includeInIndex = 0; path = PromAppTests.xctest; sourceTree = BUILT_PRODUCTS_DIR; };
		D2A4753E1962198D005C2502 /* PromAppTests-Info.plist */ = {isa = PBXFileReference; lastKnownFileType = text.plist.xml; path = "PromAppTests-Info.plist"; sourceTree = "<group>"; };
		D2A475401962198D005C2502 /* en */ = {isa = PBXFileReference; lastKnownFileType = text.plist.strings; name = en; path = en.lproj/InfoPlist.strings; sourceTree = "<group>"; };
		D2A475421962198D005C2502 /* PromAppTests.m */ = {isa = PBXFileReference; lastKnownFileType = sourcecode.c.objc; path = PromAppTests.m; sourceTree = "<group>"; };
		D2A4754C196219BF005C2502 /* MapKit.framework */ = {isa = PBXFileReference; lastKnownFileType = wrapper.framework; name = MapKit.framework; path = System/Library/Frameworks/MapKit.framework; sourceTree = SDKROOT; };
		D2A4754E19624264005C2502 /* IpodLayout.storyboard */ = {isa = PBXFileReference; fileEncoding = 4; lastKnownFileType = file.storyboard; path = IpodLayout.storyboard; sourceTree = "<group>"; };
		D2A47554196249BA005C2502 /* Accounts.framework */ = {isa = PBXFileReference; lastKnownFileType = wrapper.framework; name = Accounts.framework; path = System/Library/Frameworks/Accounts.framework; sourceTree = SDKROOT; };
		D2A47555196249BA005C2502 /* AudioToolbox.framework */ = {isa = PBXFileReference; lastKnownFileType = wrapper.framework; name = AudioToolbox.framework; path = System/Library/Frameworks/AudioToolbox.framework; sourceTree = SDKROOT; };
		D2A47556196249BA005C2502 /* CFNetwork.framework */ = {isa = PBXFileReference; lastKnownFileType = wrapper.framework; name = CFNetwork.framework; path = System/Library/Frameworks/CFNetwork.framework; sourceTree = SDKROOT; };
		D2A47557196249BA005C2502 /* CoreLocation.framework */ = {isa = PBXFileReference; lastKnownFileType = wrapper.framework; name = CoreLocation.framework; path = System/Library/Frameworks/CoreLocation.framework; sourceTree = SDKROOT; };
		D2A47558196249BA005C2502 /* libz.dylib */ = {isa = PBXFileReference; lastKnownFileType = "compiled.mach-o.dylib"; name = libz.dylib; path = usr/lib/libz.dylib; sourceTree = SDKROOT; };
		D2A47559196249BA005C2502 /* MobileCoreServices.framework */ = {isa = PBXFileReference; lastKnownFileType = wrapper.framework; name = MobileCoreServices.framework; path = System/Library/Frameworks/MobileCoreServices.framework; sourceTree = SDKROOT; };
		D2A4755A196249BA005C2502 /* QuartzCore.framework */ = {isa = PBXFileReference; lastKnownFileType = wrapper.framework; name = QuartzCore.framework; path = System/Library/Frameworks/QuartzCore.framework; sourceTree = SDKROOT; };
		D2A4755B196249BA005C2502 /* Security.framework */ = {isa = PBXFileReference; lastKnownFileType = wrapper.framework; name = Security.framework; path = System/Library/Frameworks/Security.framework; sourceTree = SDKROOT; };
		D2A4755C196249BA005C2502 /* Social.framework */ = {isa = PBXFileReference; lastKnownFileType = wrapper.framework; name = Social.framework; path = System/Library/Frameworks/Social.framework; sourceTree = SDKROOT; };
		D2A4755D196249BA005C2502 /* StoreKit.framework */ = {isa = PBXFileReference; lastKnownFileType = wrapper.framework; name = StoreKit.framework; path = System/Library/Frameworks/StoreKit.framework; sourceTree = SDKROOT; };
		D2A4755E196249BA005C2502 /* SystemConfiguration.framework */ = {isa = PBXFileReference; lastKnownFileType = wrapper.framework; name = SystemConfiguration.framework; path = System/Library/Frameworks/SystemConfiguration.framework; sourceTree = SDKROOT; };
		D2A4756C196262F4005C2502 /* SKLoginViewController.h */ = {isa = PBXFileReference; fileEncoding = 4; lastKnownFileType = sourcecode.c.h; path = SKLoginViewController.h; sourceTree = "<group>"; };
		D2A4756D196262F4005C2502 /* SKLoginViewController.m */ = {isa = PBXFileReference; fileEncoding = 4; lastKnownFileType = sourcecode.c.objc; path = SKLoginViewController.m; sourceTree = "<group>"; };
		D2A475721963105B005C2502 /* SKAddDressViewController.h */ = {isa = PBXFileReference; fileEncoding = 4; lastKnownFileType = sourcecode.c.h; path = SKAddDressViewController.h; sourceTree = "<group>"; };
		D2A475731963105B005C2502 /* SKAddDressViewController.m */ = {isa = PBXFileReference; fileEncoding = 4; lastKnownFileType = sourcecode.c.objc; path = SKAddDressViewController.m; sourceTree = "<group>"; };
		D2A4757819632DB8005C2502 /* SKDress.h */ = {isa = PBXFileReference; fileEncoding = 4; lastKnownFileType = sourcecode.c.h; path = SKDress.h; sourceTree = "<group>"; };
		D2A4757919632DB8005C2502 /* SKDress.m */ = {isa = PBXFileReference; fileEncoding = 4; lastKnownFileType = sourcecode.c.objc; path = SKDress.m; sourceTree = "<group>"; };
		D2A4757B19633462005C2502 /* MBProgressHUD.h */ = {isa = PBXFileReference; fileEncoding = 4; lastKnownFileType = sourcecode.c.h; path = MBProgressHUD.h; sourceTree = "<group>"; };
		D2A4757C19633462005C2502 /* MBProgressHUD.m */ = {isa = PBXFileReference; fileEncoding = 4; lastKnownFileType = sourcecode.c.objc; path = MBProgressHUD.m; sourceTree = "<group>"; };
		D2A475801963999E005C2502 /* SKPromFinderViewController.h */ = {isa = PBXFileReference; fileEncoding = 4; lastKnownFileType = sourcecode.c.h; path = SKPromFinderViewController.h; sourceTree = "<group>"; };
		D2A475811963999E005C2502 /* SKPromFinderViewController.m */ = {isa = PBXFileReference; fileEncoding = 4; lastKnownFileType = sourcecode.c.objc; path = SKPromFinderViewController.m; sourceTree = "<group>"; };
		D2AC23231A4A257900E5EA19 /* MainTabController.swift */ = {isa = PBXFileReference; fileEncoding = 4; lastKnownFileType = sourcecode.swift; path = MainTabController.swift; sourceTree = "<group>"; };
		D2BB590A198C9D8700431759 /* SKStore.h */ = {isa = PBXFileReference; fileEncoding = 4; lastKnownFileType = sourcecode.c.h; path = SKStore.h; sourceTree = "<group>"; };
		D2BB590B198C9D8700431759 /* SKStore.m */ = {isa = PBXFileReference; fileEncoding = 4; lastKnownFileType = sourcecode.c.objc; path = SKStore.m; sourceTree = "<group>"; };
		D2BB590E198CA89600431759 /* EditStore.xib */ = {isa = PBXFileReference; fileEncoding = 4; lastKnownFileType = file.xib; path = EditStore.xib; sourceTree = "<group>"; };
		D2BB5912198D655400431759 /* SKStringEntryCell.h */ = {isa = PBXFileReference; fileEncoding = 4; lastKnownFileType = sourcecode.c.h; path = SKStringEntryCell.h; sourceTree = "<group>"; };
		D2BB5913198D655400431759 /* SKStringEntryCell.m */ = {isa = PBXFileReference; fileEncoding = 4; lastKnownFileType = sourcecode.c.objc; path = SKStringEntryCell.m; sourceTree = "<group>"; };
		D2C2473C19F2CDA5007F2AF9 /* EditProm.xib */ = {isa = PBXFileReference; fileEncoding = 4; lastKnownFileType = file.xib; path = EditProm.xib; sourceTree = "<group>"; };
		D2C6D15A1980600E008080CD /* SKPromAnnotation.h */ = {isa = PBXFileReference; fileEncoding = 4; lastKnownFileType = sourcecode.c.h; path = SKPromAnnotation.h; sourceTree = "<group>"; };
		D2C6D15B1980600E008080CD /* SKPromAnnotation.m */ = {isa = PBXFileReference; fileEncoding = 4; lastKnownFileType = sourcecode.c.objc; path = SKPromAnnotation.m; sourceTree = "<group>"; };
		D2C6D15D1980A7BA008080CD /* Saratoga.gpx */ = {isa = PBXFileReference; lastKnownFileType = text.xml; path = Saratoga.gpx; sourceTree = "<group>"; };
		D2C890DD19D6308400458094 /* ProfileCell.swift */ = {isa = PBXFileReference; fileEncoding = 4; lastKnownFileType = sourcecode.swift; path = ProfileCell.swift; sourceTree = "<group>"; };
		D2C890DF19D656F200458094 /* PromApp-Bridging-Header.h */ = {isa = PBXFileReference; lastKnownFileType = sourcecode.c.h; path = "PromApp-Bridging-Header.h"; sourceTree = "<group>"; };
		D2C890E019D68E7C00458094 /* ProfileCellLayout.xib */ = {isa = PBXFileReference; fileEncoding = 4; lastKnownFileType = file.xib; path = ProfileCellLayout.xib; sourceTree = "<group>"; };
		D2CD3E621A4FB9F100BF0359 /* Prom.swift */ = {isa = PBXFileReference; fileEncoding = 4; lastKnownFileType = sourcecode.swift; path = Prom.swift; sourceTree = "<group>"; };
		D2CD3E641A4FBB6700BF0359 /* ArrayUtil.swift */ = {isa = PBXFileReference; fileEncoding = 4; lastKnownFileType = sourcecode.swift; path = ArrayUtil.swift; sourceTree = "<group>"; };
		D2CD3E661A4FCDE200BF0359 /* Appearance.swift */ = {isa = PBXFileReference; fileEncoding = 4; lastKnownFileType = sourcecode.swift; path = Appearance.swift; sourceTree = "<group>"; };
		D2CD3E681A5062BA00BF0359 /* PromInfoController.swift */ = {isa = PBXFileReference; fileEncoding = 4; lastKnownFileType = sourcecode.swift; path = PromInfoController.swift; sourceTree = "<group>"; };
		D2CD3E6C1A50A93600BF0359 /* ObjectCell.swift */ = {isa = PBXFileReference; fileEncoding = 4; lastKnownFileType = sourcecode.swift; path = ObjectCell.swift; sourceTree = "<group>"; };
		D2CD3E6E1A50A9D500BF0359 /* ObjectCell.xib */ = {isa = PBXFileReference; fileEncoding = 4; lastKnownFileType = file.xib; path = ObjectCell.xib; sourceTree = "<group>"; };
		D2D4F0311A6B668B0020DD9A /* NearYouController.swift */ = {isa = PBXFileReference; fileEncoding = 4; lastKnownFileType = sourcecode.swift; path = NearYouController.swift; sourceTree = "<group>"; };
		D2DEBAA119B6D58E00BA0542 /* main.js */ = {isa = PBXFileReference; fileEncoding = 4; lastKnownFileType = sourcecode.javascript; path = main.js; sourceTree = "<group>"; };
		D2DEBAA319B6D58E00BA0542 /* global.json */ = {isa = PBXFileReference; fileEncoding = 4; lastKnownFileType = text.json; path = global.json; sourceTree = "<group>"; };
		D2ED80FA1A2A7EB9002F4511 /* StoreAnnotation.swift */ = {isa = PBXFileReference; fileEncoding = 4; lastKnownFileType = sourcecode.swift; path = StoreAnnotation.swift; sourceTree = "<group>"; };
		D2EF94041A17D8F00093CD4C /* SignPainter.otf */ = {isa = PBXFileReference; lastKnownFileType = file; path = SignPainter.otf; sourceTree = "<group>"; };
		D2F1440C1970D24400046490 /* SKProm.h */ = {isa = PBXFileReference; fileEncoding = 4; lastKnownFileType = sourcecode.c.h; path = SKProm.h; sourceTree = "<group>"; };
		D2F1440D1970D24400046490 /* SKProm.m */ = {isa = PBXFileReference; fileEncoding = 4; lastKnownFileType = sourcecode.c.objc; path = SKProm.m; sourceTree = "<group>"; };
		D2F639AE1A17E5FC0026A3D8 /* pinyon-script.ttf */ = {isa = PBXFileReference; lastKnownFileType = file; path = "pinyon-script.ttf"; sourceTree = "<group>"; };
		D2F639B01A17ECA50026A3D8 /* LaunchScreen.xib */ = {isa = PBXFileReference; fileEncoding = 4; lastKnownFileType = file.xib; name = LaunchScreen.xib; path = PromApp/LaunchScreen.xib; sourceTree = "<group>"; };
		D2F846E91A6CA9E1007CD841 /* DynamicResultController.swift */ = {isa = PBXFileReference; fileEncoding = 4; lastKnownFileType = sourcecode.swift; path = DynamicResultController.swift; sourceTree = "<group>"; };
		D2FB9868196CFAE1003BFCEE /* SKAppearanceManager.h */ = {isa = PBXFileReference; fileEncoding = 4; lastKnownFileType = sourcecode.c.h; path = SKAppearanceManager.h; sourceTree = "<group>"; };
		D2FB9869196CFAE1003BFCEE /* SKAppearanceManager.m */ = {isa = PBXFileReference; fileEncoding = 4; lastKnownFileType = sourcecode.c.objc; path = SKAppearanceManager.m; sourceTree = "<group>"; };
/* End PBXFileReference section */

/* Begin PBXFrameworksBuildPhase section */
		D2A475171962198D005C2502 /* Frameworks */ = {
			isa = PBXFrameworksBuildPhase;
			buildActionMask = 2147483647;
			files = (
				D22B2B7F1A4297950085F54E /* FacebookSDK.framework in Frameworks */,
				D22B2B7D1A4296180085F54E /* libsqlite3.dylib in Frameworks */,
				D22B2B771A4295DC0085F54E /* Bolts.framework in Frameworks */,
				D22B2B781A4295DC0085F54E /* Parse.framework in Frameworks */,
				D22B2B791A4295DC0085F54E /* ParseCrashReporting.framework in Frameworks */,
				D22B2B7A1A4295DC0085F54E /* ParseFacebookUtils.framework in Frameworks */,
				D22B2B7B1A4295DC0085F54E /* ParseUI.framework in Frameworks */,
				D2A4755F196249BA005C2502 /* Accounts.framework in Frameworks */,
				D2A47560196249BA005C2502 /* AudioToolbox.framework in Frameworks */,
				D2A47561196249BA005C2502 /* CFNetwork.framework in Frameworks */,
				D2A47562196249BA005C2502 /* CoreLocation.framework in Frameworks */,
				D2A47563196249BA005C2502 /* libz.dylib in Frameworks */,
				D2A47564196249BA005C2502 /* MobileCoreServices.framework in Frameworks */,
				D2A47565196249BA005C2502 /* QuartzCore.framework in Frameworks */,
				D2A47566196249BA005C2502 /* Security.framework in Frameworks */,
				D2A47567196249BA005C2502 /* Social.framework in Frameworks */,
				D2A47568196249BA005C2502 /* StoreKit.framework in Frameworks */,
				D2A47569196249BA005C2502 /* SystemConfiguration.framework in Frameworks */,
				D2A475201962198D005C2502 /* CoreGraphics.framework in Frameworks */,
				D2A475221962198D005C2502 /* UIKit.framework in Frameworks */,
				D2A4754D196219BF005C2502 /* MapKit.framework in Frameworks */,
				D2A4751E1962198D005C2502 /* Foundation.framework in Frameworks */,
			);
			runOnlyForDeploymentPostprocessing = 0;
		};
		D2A475321962198D005C2502 /* Frameworks */ = {
			isa = PBXFrameworksBuildPhase;
			buildActionMask = 2147483647;
			files = (
				D2A475391962198D005C2502 /* UIKit.framework in Frameworks */,
				D2A475381962198D005C2502 /* Foundation.framework in Frameworks */,
			);
			runOnlyForDeploymentPostprocessing = 0;
		};
/* End PBXFrameworksBuildPhase section */

/* Begin PBXGroup section */
		D22299381965054400B747BA /* View */ = {
			isa = PBXGroup;
			children = (
				D2A4754E19624264005C2502 /* IpodLayout.storyboard */,
				D2BB590D198CA66A00431759 /* Layout Nibs */,
				D2C890DD19D6308400458094 /* ProfileCell.swift */,
				D25B4D741A490DAF00AB6B06 /* Buttons.swift */,
				D22299351965054000B747BA /* SKDressInfoTableViewCell.h */,
				D22299361965054000B747BA /* SKDressInfoTableViewCell.m */,
				D2117952198F0888004D254F /* SKImageEditorCell.h */,
				D2117953198F0888004D254F /* SKImageEditorCell.m */,
				D2BB5912198D655400431759 /* SKStringEntryCell.h */,
				D2BB5913198D655400431759 /* SKStringEntryCell.m */,
				D2CD3E6C1A50A93600BF0359 /* ObjectCell.swift */,
				D25A4C471A52355600AED4AD /* TableHeader.swift */,
			);
			name = View;
			sourceTree = "<group>";
		};
		D22E03CD1A4DFF2A00F81753 /* Utilities */ = {
			isa = PBXGroup;
			children = (
				D2CD3E641A4FBB6700BF0359 /* ArrayUtil.swift */,
				D2CD3E661A4FCDE200BF0359 /* Appearance.swift */,
				D22B2B801A42B0AE0085F54E /* GlobalConstants.swift */,
				D22E03CB1A4DFF2600F81753 /* ImageManipulation.swift */,
				D22E03CE1A4E862600F81753 /* StringManipulation.swift */,
				D28DD0021A4F141C00B73582 /* StandardAlerts.swift */,
			);
			name = Utilities;
			sourceTree = "<group>";
		};
		D2A101111974AA360019A2B3 /* Externally Created Resources */ = {
			isa = PBXGroup;
			children = (
				D2A4757B19633462005C2502 /* MBProgressHUD.h */,
				D2A4757C19633462005C2502 /* MBProgressHUD.m */,
			);
			name = "Externally Created Resources";
			sourceTree = "<group>";
		};
		D2A475111962198D005C2502 = {
			isa = PBXGroup;
			children = (
				D2F639B01A17ECA50026A3D8 /* LaunchScreen.xib */,
				D2DEBA9F19B6D58E00BA0542 /* PromCloudCode */,
				D2A475231962198D005C2502 /* PromApp */,
				D2A4753C1962198D005C2502 /* PromAppTests */,
				D2A4751C1962198D005C2502 /* Frameworks */,
				D2A4751B1962198D005C2502 /* Products */,
			);
			sourceTree = "<group>";
		};
		D2A4751B1962198D005C2502 /* Products */ = {
			isa = PBXGroup;
			children = (
				D2A4751A1962198D005C2502 /* PromApp.app */,
				D2A475351962198D005C2502 /* PromAppTests.xctest */,
			);
			name = Products;
			sourceTree = "<group>";
		};
		D2A4751C1962198D005C2502 /* Frameworks */ = {
			isa = PBXGroup;
			children = (
				D22B2B7E1A4297950085F54E /* FacebookSDK.framework */,
				D22B2B7C1A4296180085F54E /* libsqlite3.dylib */,
				D22B2B6D1A42950B0085F54E /* Bolts.framework */,
				D22B2B6E1A42950B0085F54E /* Parse.framework */,
				D22B2B6F1A42950B0085F54E /* ParseCrashReporting.framework */,
				D22B2B701A42950B0085F54E /* ParseFacebookUtils.framework */,
				D22B2B711A42950B0085F54E /* ParseUI.framework */,
				D2A47554196249BA005C2502 /* Accounts.framework */,
				D2A47555196249BA005C2502 /* AudioToolbox.framework */,
				D2A47556196249BA005C2502 /* CFNetwork.framework */,
				D2A47557196249BA005C2502 /* CoreLocation.framework */,
				D2A47558196249BA005C2502 /* libz.dylib */,
				D2A47559196249BA005C2502 /* MobileCoreServices.framework */,
				D2A4755A196249BA005C2502 /* QuartzCore.framework */,
				D2A4755B196249BA005C2502 /* Security.framework */,
				D2A4755C196249BA005C2502 /* Social.framework */,
				D2A4755D196249BA005C2502 /* StoreKit.framework */,
				D2A4755E196249BA005C2502 /* SystemConfiguration.framework */,
				D2A4754C196219BF005C2502 /* MapKit.framework */,
				D2A4751D1962198D005C2502 /* Foundation.framework */,
				D2A4751F1962198D005C2502 /* CoreGraphics.framework */,
				D2A475211962198D005C2502 /* UIKit.framework */,
			);
			name = Frameworks;
			sourceTree = "<group>";
		};
		D2A475231962198D005C2502 /* PromApp */ = {
			isa = PBXGroup;
			children = (
				D2C890DF19D656F200458094 /* PromApp-Bridging-Header.h */,
				D22299381965054400B747BA /* View */,
				D2A4757E19633484005C2502 /* Model */,
				D2A4757F19633494005C2502 /* Controller */,
				D22E03CD1A4DFF2A00F81753 /* Utilities */,
				D2A4752C1962198D005C2502 /* SKAppDelegate.h */,
				D2A4752D1962198D005C2502 /* SKAppDelegate.m */,
				D2F639AE1A17E5FC0026A3D8 /* pinyon-script.ttf */,
				D2A4752F1962198D005C2502 /* Images.xcassets */,
				D2A475241962198D005C2502 /* Supporting Files */,
			);
			path = PromApp;
			sourceTree = "<group>";
		};
		D2A475241962198D005C2502 /* Supporting Files */ = {
			isa = PBXGroup;
			children = (
				D266D1611A47287B00A3C51C /* rochester */,
				D2EF94041A17D8F00093CD4C /* SignPainter.otf */,
				D2C6D15D1980A7BA008080CD /* Saratoga.gpx */,
				D2A101111974AA360019A2B3 /* Externally Created Resources */,
				D2A475251962198D005C2502 /* PromApp-Info.plist */,
				D20DA6AE198B311200C1B225 /* ColorText.plist */,
				D2A475261962198D005C2502 /* InfoPlist.strings */,
				D2A475291962198D005C2502 /* main.m */,
				D2A4752B1962198D005C2502 /* PromApp-Prefix.pch */,
				D2FB9868196CFAE1003BFCEE /* SKAppearanceManager.h */,
				D2FB9869196CFAE1003BFCEE /* SKAppearanceManager.m */,
			);
			name = "Supporting Files";
			sourceTree = "<group>";
		};
		D2A4753C1962198D005C2502 /* PromAppTests */ = {
			isa = PBXGroup;
			children = (
				D2A475421962198D005C2502 /* PromAppTests.m */,
				D2A4753D1962198D005C2502 /* Supporting Files */,
			);
			path = PromAppTests;
			sourceTree = "<group>";
		};
		D2A4753D1962198D005C2502 /* Supporting Files */ = {
			isa = PBXGroup;
			children = (
				D2A4753E1962198D005C2502 /* PromAppTests-Info.plist */,
				D2A4753F1962198D005C2502 /* InfoPlist.strings */,
			);
			name = "Supporting Files";
			sourceTree = "<group>";
		};
		D2A4757E19633484005C2502 /* Model */ = {
			isa = PBXGroup;
			children = (
				D246C39B1A50CA080046D95A /* UserExt.swift */,
				D2A4757819632DB8005C2502 /* SKDress.h */,
				D2A4757919632DB8005C2502 /* SKDress.m */,
				D2F1440C1970D24400046490 /* SKProm.h */,
				D2F1440D1970D24400046490 /* SKProm.m */,
				D2C6D15A1980600E008080CD /* SKPromAnnotation.h */,
				D2ED80FA1A2A7EB9002F4511 /* StoreAnnotation.swift */,
				D2C6D15B1980600E008080CD /* SKPromAnnotation.m */,
				D2BB590A198C9D8700431759 /* SKStore.h */,
				D2BB590B198C9D8700431759 /* SKStore.m */,
				D2CD3E621A4FB9F100BF0359 /* Prom.swift */,
			);
			name = Model;
			sourceTree = "<group>";
		};
		D2A4757F19633494005C2502 /* Controller */ = {
			isa = PBXGroup;
			children = (
				D246C39D1A51B5A30046D95A /* DressListForProm.swift */,
				D2F846E91A6CA9E1007CD841 /* DynamicResultController.swift */,
				D2D4F0311A6B668B0020DD9A /* NearYouController.swift */,
				D2A382961A4279C300D3E3B7 /* ProfileController.swift */,
				D29FA1971A4B16890046A5BD /* PromEditorController.swift */,
				D2CD3E681A5062BA00BF0359 /* PromInfoController.swift */,
				D28DD0041A4F5BAE00B73582 /* PromSearchTable.swift */,
				D2AC23231A4A257900E5EA19 /* MainTabController.swift */,
				D2A475721963105B005C2502 /* SKAddDressViewController.h */,
				D2A475731963105B005C2502 /* SKAddDressViewController.m */,
				D2A4756C196262F4005C2502 /* SKLoginViewController.h */,
				D2A4756D196262F4005C2502 /* SKLoginViewController.m */,
				D23654FA19916DFF007277A6 /* SKPromQueryController.h */,
				D23654FB19916DFF007277A6 /* SKPromQueryController.m */,
				D2A475801963999E005C2502 /* SKPromFinderViewController.h */,
				D2A475811963999E005C2502 /* SKPromFinderViewController.m */,
			);
			name = Controller;
			sourceTree = "<group>";
		};
		D2BB590D198CA66A00431759 /* Layout Nibs */ = {
			isa = PBXGroup;
			children = (
				D2103455196F9EF70088484B /* DressCell.xib */,
				D2074E3D198F3B5E0048E28E /* EditDress.xib */,
				D2C2473C19F2CDA5007F2AF9 /* EditProm.xib */,
				D2BB590E198CA89600431759 /* EditStore.xib */,
				D20DA6B0198B537300C1B225 /* EditUser.xib */,
				D2117950198EE1F0004D254F /* ImageEditorCell.xib */,
				D2CD3E6E1A50A9D500BF0359 /* ObjectCell.xib */,
				D2C890E019D68E7C00458094 /* ProfileCellLayout.xib */,
				D23654F819916BF3007277A6 /* PromQueryTable.xib */,
				D2652158198E86E3000432BA /* StringEntryCell.xib */,
				D25A4C451A5234C700AED4AD /* TableHeader.xib */,
			);
			name = "Layout Nibs";
			sourceTree = "<group>";
		};
		D2DEBA9F19B6D58E00BA0542 /* PromCloudCode */ = {
			isa = PBXGroup;
			children = (
				D2DEBAA019B6D58E00BA0542 /* cloud */,
				D2DEBAA219B6D58E00BA0542 /* config */,
				D2DEBAA419B6D58E00BA0542 /* public */,
			);
			path = PromCloudCode;
			sourceTree = "<group>";
		};
		D2DEBAA019B6D58E00BA0542 /* cloud */ = {
			isa = PBXGroup;
			children = (
				D2DEBAA119B6D58E00BA0542 /* main.js */,
			);
			path = cloud;
			sourceTree = "<group>";
		};
		D2DEBAA219B6D58E00BA0542 /* config */ = {
			isa = PBXGroup;
			children = (
				D2DEBAA319B6D58E00BA0542 /* global.json */,
			);
			path = config;
			sourceTree = "<group>";
		};
		D2DEBAA419B6D58E00BA0542 /* public */ = {
			isa = PBXGroup;
			children = (
				D246C3B11A5217320046D95A /* PolicyPDF.pdf */,
				D246C3AD1A5216CA0046D95A /* privacy.html */,
				D246C3A91A51E60B0046D95A /* support.html */,
				D246C39F1A51E0EB0046D95A /* css */,
				D246C3A01A51E0EB0046D95A /* images */,
				D246C3A11A51E0EB0046D95A /* index.html */,
				D212423D1A641843006A9867 /* profile.html */,
				D212423E1A641843006A9867 /* signin.html */,
				D246C3A21A51E0EB0046D95A /* js */,
			);
			path = public;
			sourceTree = "<group>";
		};
/* End PBXGroup section */

/* Begin PBXNativeTarget section */
		D2A475191962198D005C2502 /* PromApp */ = {
			isa = PBXNativeTarget;
			buildConfigurationList = D2A475461962198D005C2502 /* Build configuration list for PBXNativeTarget "PromApp" */;
			buildPhases = (
				D2A475161962198D005C2502 /* Sources */,
				D2A475171962198D005C2502 /* Frameworks */,
				D2A475181962198D005C2502 /* Resources */,
			);
			buildRules = (
			);
			dependencies = (
			);
			name = PromApp;
			productName = PromApp;
			productReference = D2A4751A1962198D005C2502 /* PromApp.app */;
			productType = "com.apple.product-type.application";
		};
		D2A475341962198D005C2502 /* PromAppTests */ = {
			isa = PBXNativeTarget;
			buildConfigurationList = D2A475491962198D005C2502 /* Build configuration list for PBXNativeTarget "PromAppTests" */;
			buildPhases = (
				D2A475311962198D005C2502 /* Sources */,
				D2A475321962198D005C2502 /* Frameworks */,
				D2A475331962198D005C2502 /* Resources */,
			);
			buildRules = (
			);
			dependencies = (
				D2A4753B1962198D005C2502 /* PBXTargetDependency */,
			);
			name = PromAppTests;
			productName = PromAppTests;
			productReference = D2A475351962198D005C2502 /* PromAppTests.xctest */;
			productType = "com.apple.product-type.bundle.unit-test";
		};
/* End PBXNativeTarget section */

/* Begin PBXProject section */
		D2A475121962198D005C2502 /* Project object */ = {
			isa = PBXProject;
			attributes = {
				CLASSPREFIX = SK;
				LastUpgradeCheck = 0510;
				ORGANIZATIONNAME = "___FULLUSERNAME___";
				TargetAttributes = {
					D2A475191962198D005C2502 = {
						DevelopmentTeam = 4HKUYNJ4FM;
						SystemCapabilities = {
							com.apple.iOS = {
								enabled = 1;
							};
						};
					};
					D2A475341962198D005C2502 = {
						TestTargetID = D2A475191962198D005C2502;
					};
				};
			};
			buildConfigurationList = D2A475151962198D005C2502 /* Build configuration list for PBXProject "PromApp" */;
			compatibilityVersion = "Xcode 3.2";
			developmentRegion = English;
			hasScannedForEncodings = 0;
			knownRegions = (
				en,
			);
			mainGroup = D2A475111962198D005C2502;
			productRefGroup = D2A4751B1962198D005C2502 /* Products */;
			projectDirPath = "";
			projectRoot = "";
			targets = (
				D2A475191962198D005C2502 /* PromApp */,
				D2A475341962198D005C2502 /* PromAppTests */,
			);
		};
/* End PBXProject section */

/* Begin PBXResourcesBuildPhase section */
		D2A475181962198D005C2502 /* Resources */ = {
			isa = PBXResourcesBuildPhase;
			buildActionMask = 2147483647;
			files = (
				D212423F1A641843006A9867 /* profile.html in Resources */,
				D246C3A61A51E0EB0046D95A /* js in Resources */,
				D2A4754F19624264005C2502 /* IpodLayout.storyboard in Resources */,
				D2BB590F198CA89600431759 /* EditStore.xib in Resources */,
				D2CD3E6F1A50A9D500BF0359 /* ObjectCell.xib in Resources */,
				D2A475281962198D005C2502 /* InfoPlist.strings in Resources */,
				D20DA6B1198B537300C1B225 /* EditUser.xib in Resources */,
				D2F639B11A17ECA50026A3D8 /* LaunchScreen.xib in Resources */,
				D246C3A31A51E0EB0046D95A /* css in Resources */,
				D2DEBAA719B6D58E00BA0542 /* global.json in Resources */,
				D25A4C461A5234C700AED4AD /* TableHeader.xib in Resources */,
				D2C890E119D68E7C00458094 /* ProfileCellLayout.xib in Resources */,
				D246C3AE1A5216CA0046D95A /* privacy.html in Resources */,
				D2117951198EE1F0004D254F /* ImageEditorCell.xib in Resources */,
				D2C2473D19F2CDA5007F2AF9 /* EditProm.xib in Resources */,
				D246C3AA1A51E60B0046D95A /* support.html in Resources */,
				D2A475301962198D005C2502 /* Images.xcassets in Resources */,
				D2652159198E86E3000432BA /* StringEntryCell.xib in Resources */,
				D2EF94051A17D8F00093CD4C /* SignPainter.otf in Resources */,
				D2103456196F9EF70088484B /* DressCell.xib in Resources */,
				D21242401A641843006A9867 /* signin.html in Resources */,
				D2074E3E198F3B5E0048E28E /* EditDress.xib in Resources */,
				D246C3B21A5217320046D95A /* PolicyPDF.pdf in Resources */,
				D246C3A41A51E0EB0046D95A /* images in Resources */,
				D2F639AF1A17E5FC0026A3D8 /* pinyon-script.ttf in Resources */,
				D20DA6AF198B311200C1B225 /* ColorText.plist in Resources */,
				D246C3A51A51E0EB0046D95A /* index.html in Resources */,
				D266D1631A47287B00A3C51C /* rochester in Resources */,
				D23654F919916BF3007277A6 /* PromQueryTable.xib in Resources */,
			);
			runOnlyForDeploymentPostprocessing = 0;
		};
		D2A475331962198D005C2502 /* Resources */ = {
			isa = PBXResourcesBuildPhase;
			buildActionMask = 2147483647;
			files = (
				D2A475411962198D005C2502 /* InfoPlist.strings in Resources */,
			);
			runOnlyForDeploymentPostprocessing = 0;
		};
/* End PBXResourcesBuildPhase section */

/* Begin PBXSourcesBuildPhase section */
		D2A475161962198D005C2502 /* Sources */ = {
			isa = PBXSourcesBuildPhase;
			buildActionMask = 2147483647;
			files = (
				D2CD3E671A4FCDE200BF0359 /* Appearance.swift in Sources */,
				D2AC23241A4A257900E5EA19 /* MainTabController.swift in Sources */,
				D2A4756E196262F4005C2502 /* SKLoginViewController.m in Sources */,
				D25B4D751A490DAF00AB6B06 /* Buttons.swift in Sources */,
				D2A382971A4279C300D3E3B7 /* ProfileController.swift in Sources */,
				D2CD3E631A4FB9F100BF0359 /* Prom.swift in Sources */,
				D23654FC19916DFF007277A6 /* SKPromQueryController.m in Sources */,
				D2D4F0321A6B668B0020DD9A /* NearYouController.swift in Sources */,
				D2A4752E1962198D005C2502 /* SKAppDelegate.m in Sources */,
				D2F1440E1970D24400046490 /* SKProm.m in Sources */,
				D25A4C481A52355600AED4AD /* TableHeader.swift in Sources */,
				D2117954198F0888004D254F /* SKImageEditorCell.m in Sources */,
				D28DD0031A4F141C00B73582 /* StandardAlerts.swift in Sources */,
				D2A475741963105B005C2502 /* SKAddDressViewController.m in Sources */,
				D22E03CF1A4E862600F81753 /* StringManipulation.swift in Sources */,
				D2F846EA1A6CA9E1007CD841 /* DynamicResultController.swift in Sources */,
				D246C39E1A51B5A30046D95A /* DressListForProm.swift in Sources */,
				D2CD3E651A4FBB6700BF0359 /* ArrayUtil.swift in Sources */,
				D2C6D15C1980600E008080CD /* SKPromAnnotation.m in Sources */,
				D2ED80FB1A2A7EB9002F4511 /* StoreAnnotation.swift in Sources */,
				D28DD0051A4F5BAE00B73582 /* PromSearchTable.swift in Sources */,
				D2FB986A196CFAE1003BFCEE /* SKAppearanceManager.m in Sources */,
				D22299371965054000B747BA /* SKDressInfoTableViewCell.m in Sources */,
				D2BB5914198D655400431759 /* SKStringEntryCell.m in Sources */,
				D2A475821963999E005C2502 /* SKPromFinderViewController.m in Sources */,
				D2A4752A1962198D005C2502 /* main.m in Sources */,
				D246C39C1A50CA080046D95A /* UserExt.swift in Sources */,
				D2CD3E6D1A50A93600BF0359 /* ObjectCell.swift in Sources */,
				D2CD3E691A5062BA00BF0359 /* PromInfoController.swift in Sources */,
				D22B2B811A42B0AE0085F54E /* GlobalConstants.swift in Sources */,
				D2A4757A19632DB8005C2502 /* SKDress.m in Sources */,
				D2BB590C198C9D8700431759 /* SKStore.m in Sources */,
				D29FA1981A4B16890046A5BD /* PromEditorController.swift in Sources */,
				D22E03CC1A4DFF2600F81753 /* ImageManipulation.swift in Sources */,
				D2C890DE19D6308400458094 /* ProfileCell.swift in Sources */,
				D2A4757D19633462005C2502 /* MBProgressHUD.m in Sources */,
			);
			runOnlyForDeploymentPostprocessing = 0;
		};
		D2A475311962198D005C2502 /* Sources */ = {
			isa = PBXSourcesBuildPhase;
			buildActionMask = 2147483647;
			files = (
				D2A475431962198D005C2502 /* PromAppTests.m in Sources */,
			);
			runOnlyForDeploymentPostprocessing = 0;
		};
/* End PBXSourcesBuildPhase section */

/* Begin PBXTargetDependency section */
		D2A4753B1962198D005C2502 /* PBXTargetDependency */ = {
			isa = PBXTargetDependency;
			target = D2A475191962198D005C2502 /* PromApp */;
			targetProxy = D2A4753A1962198D005C2502 /* PBXContainerItemProxy */;
		};
/* End PBXTargetDependency section */

/* Begin PBXVariantGroup section */
		D2A475261962198D005C2502 /* InfoPlist.strings */ = {
			isa = PBXVariantGroup;
			children = (
				D2A475271962198D005C2502 /* en */,
			);
			name = InfoPlist.strings;
			sourceTree = "<group>";
		};
		D2A4753F1962198D005C2502 /* InfoPlist.strings */ = {
			isa = PBXVariantGroup;
			children = (
				D2A475401962198D005C2502 /* en */,
			);
			name = InfoPlist.strings;
			sourceTree = "<group>";
		};
/* End PBXVariantGroup section */

/* Begin XCBuildConfiguration section */
		D2A475441962198D005C2502 /* Debug */ = {
			isa = XCBuildConfiguration;
			buildSettings = {
				ALWAYS_SEARCH_USER_PATHS = NO;
				CLANG_CXX_LANGUAGE_STANDARD = "gnu++0x";
				CLANG_CXX_LIBRARY = "libc++";
				CLANG_ENABLE_MODULES = YES;
				CLANG_ENABLE_OBJC_ARC = YES;
				CLANG_WARN_BOOL_CONVERSION = YES;
				CLANG_WARN_CONSTANT_CONVERSION = YES;
				CLANG_WARN_DIRECT_OBJC_ISA_USAGE = YES_ERROR;
				CLANG_WARN_EMPTY_BODY = YES;
				CLANG_WARN_ENUM_CONVERSION = YES;
				CLANG_WARN_INT_CONVERSION = YES;
				CLANG_WARN_OBJC_ROOT_CLASS = YES_ERROR;
				CLANG_WARN_UNREACHABLE_CODE = YES;
				CLANG_WARN__DUPLICATE_METHOD_MATCH = YES;
				"CODE_SIGN_IDENTITY[sdk=iphoneos*]" = "iPhone Developer";
				COPY_PHASE_STRIP = NO;
				GCC_C_LANGUAGE_STANDARD = gnu99;
				GCC_DYNAMIC_NO_PIC = NO;
				GCC_OPTIMIZATION_LEVEL = 0;
				GCC_PREPROCESSOR_DEFINITIONS = (
					"DEBUG=1",
					"$(inherited)",
				);
				GCC_SYMBOLS_PRIVATE_EXTERN = NO;
				GCC_WARN_64_TO_32_BIT_CONVERSION = YES;
				GCC_WARN_ABOUT_RETURN_TYPE = YES_ERROR;
				GCC_WARN_UNDECLARED_SELECTOR = YES;
				GCC_WARN_UNINITIALIZED_AUTOS = YES_AGGRESSIVE;
				GCC_WARN_UNUSED_FUNCTION = YES;
				GCC_WARN_UNUSED_VARIABLE = YES;
				IPHONEOS_DEPLOYMENT_TARGET = 8.0;
				ONLY_ACTIVE_ARCH = YES;
				SDKROOT = iphoneos;
				TARGETED_DEVICE_FAMILY = "1,2";
			};
			name = Debug;
		};
		D2A475451962198D005C2502 /* Release */ = {
			isa = XCBuildConfiguration;
			buildSettings = {
				ALWAYS_SEARCH_USER_PATHS = NO;
				CLANG_CXX_LANGUAGE_STANDARD = "gnu++0x";
				CLANG_CXX_LIBRARY = "libc++";
				CLANG_ENABLE_MODULES = YES;
				CLANG_ENABLE_OBJC_ARC = YES;
				CLANG_WARN_BOOL_CONVERSION = YES;
				CLANG_WARN_CONSTANT_CONVERSION = YES;
				CLANG_WARN_DIRECT_OBJC_ISA_USAGE = YES_ERROR;
				CLANG_WARN_EMPTY_BODY = YES;
				CLANG_WARN_ENUM_CONVERSION = YES;
				CLANG_WARN_INT_CONVERSION = YES;
				CLANG_WARN_OBJC_ROOT_CLASS = YES_ERROR;
				CLANG_WARN_UNREACHABLE_CODE = YES;
				CLANG_WARN__DUPLICATE_METHOD_MATCH = YES;
				"CODE_SIGN_IDENTITY[sdk=iphoneos*]" = "iPhone Developer";
				COPY_PHASE_STRIP = YES;
				ENABLE_NS_ASSERTIONS = NO;
				GCC_C_LANGUAGE_STANDARD = gnu99;
				GCC_OPTIMIZATION_LEVEL = 0;
				GCC_WARN_64_TO_32_BIT_CONVERSION = YES;
				GCC_WARN_ABOUT_RETURN_TYPE = YES_ERROR;
				GCC_WARN_UNDECLARED_SELECTOR = YES;
				GCC_WARN_UNINITIALIZED_AUTOS = YES_AGGRESSIVE;
				GCC_WARN_UNUSED_FUNCTION = YES;
				GCC_WARN_UNUSED_VARIABLE = YES;
				IPHONEOS_DEPLOYMENT_TARGET = 8.0;
				SDKROOT = iphoneos;
				TARGETED_DEVICE_FAMILY = "1,2";
				VALIDATE_PRODUCT = YES;
			};
			name = Release;
		};
		D2A475471962198D005C2502 /* Debug */ = {
			isa = XCBuildConfiguration;
			buildSettings = {
				ASSETCATALOG_COMPILER_APPICON_NAME = AppIcon;
				CLANG_ENABLE_MODULES = YES;
				CODE_SIGN_IDENTITY = "iPhone Developer";
				"CODE_SIGN_IDENTITY[sdk=iphoneos*]" = "iPhone Developer";
				FRAMEWORK_SEARCH_PATHS = (
					"$(inherited)",
					"$(PROJECT_DIR)",
				);
				GCC_PRECOMPILE_PREFIX_HEADER = YES;
				GCC_PREFIX_HEADER = "PromApp/PromApp-Prefix.pch";
				INFOPLIST_FILE = "PromApp/PromApp-Info.plist";
				IPHONEOS_DEPLOYMENT_TARGET = 8.1;
				LD_RUNPATH_SEARCH_PATHS = "$(inherited) @executable_path/Frameworks";
				PRODUCT_NAME = "$(TARGET_NAME)";
				PROVISIONING_PROFILE = "";
				SWIFT_OBJC_BRIDGING_HEADER = "PromApp/PromApp-Bridging-Header.h";
				SWIFT_OPTIMIZATION_LEVEL = "-O";
				TARGETED_DEVICE_FAMILY = 1;
				WRAPPER_EXTENSION = app;
			};
			name = Debug;
		};
		D2A475481962198D005C2502 /* Release */ = {
			isa = XCBuildConfiguration;
			buildSettings = {
				ASSETCATALOG_COMPILER_APPICON_NAME = AppIcon;
				CLANG_ENABLE_MODULES = YES;
				CODE_SIGN_IDENTITY = "iPhone Developer";
				"CODE_SIGN_IDENTITY[sdk=iphoneos*]" = "iPhone Developer";
				FRAMEWORK_SEARCH_PATHS = (
					"$(inherited)",
					"$(PROJECT_DIR)",
				);
				GCC_PRECOMPILE_PREFIX_HEADER = YES;
				GCC_PREFIX_HEADER = "PromApp/PromApp-Prefix.pch";
				INFOPLIST_FILE = "PromApp/PromApp-Info.plist";
				IPHONEOS_DEPLOYMENT_TARGET = 8.1;
				LD_RUNPATH_SEARCH_PATHS = "$(inherited) @executable_path/Frameworks";
				PRODUCT_NAME = "$(TARGET_NAME)";
				PROVISIONING_PROFILE = "";
				SWIFT_OBJC_BRIDGING_HEADER = "PromApp/PromApp-Bridging-Header.h";
				SWIFT_OPTIMIZATION_LEVEL = "-O";
				TARGETED_DEVICE_FAMILY = 1;
				WRAPPER_EXTENSION = app;
			};
			name = Release;
		};
		D2A4754A1962198D005C2502 /* Debug */ = {
			isa = XCBuildConfiguration;
			buildSettings = {
				BUNDLE_LOADER = "$(BUILT_PRODUCTS_DIR)/PromApp.app/PromApp";
				FRAMEWORK_SEARCH_PATHS = (
					"$(SDKROOT)/Developer/Library/Frameworks",
					"$(inherited)",
					"$(DEVELOPER_FRAMEWORKS_DIR)",
				);
				GCC_PRECOMPILE_PREFIX_HEADER = YES;
				GCC_PREFIX_HEADER = "PromApp/PromApp-Prefix.pch";
				GCC_PREPROCESSOR_DEFINITIONS = (
					"DEBUG=1",
					"$(inherited)",
				);
				INFOPLIST_FILE = "PromAppTests/PromAppTests-Info.plist";
				PRODUCT_NAME = "$(TARGET_NAME)";
				TEST_HOST = "$(BUNDLE_LOADER)";
				WRAPPER_EXTENSION = xctest;
			};
			name = Debug;
		};
		D2A4754B1962198D005C2502 /* Release */ = {
			isa = XCBuildConfiguration;
			buildSettings = {
				BUNDLE_LOADER = "$(BUILT_PRODUCTS_DIR)/PromApp.app/PromApp";
				FRAMEWORK_SEARCH_PATHS = (
					"$(SDKROOT)/Developer/Library/Frameworks",
					"$(inherited)",
					"$(DEVELOPER_FRAMEWORKS_DIR)",
				);
				GCC_PRECOMPILE_PREFIX_HEADER = YES;
				GCC_PREFIX_HEADER = "PromApp/PromApp-Prefix.pch";
				INFOPLIST_FILE = "PromAppTests/PromAppTests-Info.plist";
				PRODUCT_NAME = "$(TARGET_NAME)";
				TEST_HOST = "$(BUNDLE_LOADER)";
				WRAPPER_EXTENSION = xctest;
			};
			name = Release;
		};
/* End XCBuildConfiguration section */

/* Begin XCConfigurationList section */
		D2A475151962198D005C2502 /* Build configuration list for PBXProject "PromApp" */ = {
			isa = XCConfigurationList;
			buildConfigurations = (
				D2A475441962198D005C2502 /* Debug */,
				D2A475451962198D005C2502 /* Release */,
			);
			defaultConfigurationIsVisible = 0;
			defaultConfigurationName = Release;
		};
		D2A475461962198D005C2502 /* Build configuration list for PBXNativeTarget "PromApp" */ = {
			isa = XCConfigurationList;
			buildConfigurations = (
				D2A475471962198D005C2502 /* Debug */,
				D2A475481962198D005C2502 /* Release */,
			);
			defaultConfigurationIsVisible = 0;
			defaultConfigurationName = Release;
		};
		D2A475491962198D005C2502 /* Build configuration list for PBXNativeTarget "PromAppTests" */ = {
			isa = XCConfigurationList;
			buildConfigurations = (
				D2A4754A1962198D005C2502 /* Debug */,
				D2A4754B1962198D005C2502 /* Release */,
			);
			defaultConfigurationIsVisible = 0;
			defaultConfigurationName = Release;
		};
/* End XCConfigurationList section */
	};
	rootObject = D2A475121962198D005C2502 /* Project object */;
}
